
Microsoft Visual Studio Solution File, Format Version 11.00
# Visual Studio 2010
Project("{FAE04EC0-301F-11D3-BF4B-00C04F79EFBC}") = "3D object", "Assembly-CSharp.csproj", "{44E60507-E4F5-2FF9-7BC7-D391C286C60B}"
EndProject
Project("{FAE04EC0-301F-11D3-BF4B-00C04F79EFBC}") = "3D object", "Assembly-CSharp-firstpass.csproj", "{EEEC4702-2681-8599-3A69-BEC5F8CC47E7}"
EndProject
Project("{FAE04EC0-301F-11D3-BF4B-00C04F79EFBC}") = "3D object", "Assembly-CSharp-Editor.csproj", "{1833E88C-D8A1-59CB-1988-E251605F9851}"
EndProject
Global
	GlobalSection(SolutionConfigurationPlatforms) = preSolution
		Debug|Any CPU = Debug|Any CPU
		Release|Any CPU = Release|Any CPU
	EndGlobalSection
	GlobalSection(ProjectConfigurationPlatforms) = postSolution
		{44E60507-E4F5-2FF9-7BC7-D391C286C60B}.Debug|Any CPU.ActiveCfg = Debug|Any CPU
		{44E60507-E4F5-2FF9-7BC7-D391C286C60B}.Debug|Any CPU.Build.0 = Debug|Any CPU
		{44E60507-E4F5-2FF9-7BC7-D391C286C60B}.Release|Any CPU.ActiveCfg = Release|Any CPU
		{44E60507-E4F5-2FF9-7BC7-D391C286C60B}.Release|Any CPU.Build.0 = Release|Any CPU
		{EEEC4702-2681-8599-3A69-BEC5F8CC47E7}.Debug|Any CPU.ActiveCfg = Debug|Any CPU
		{EEEC4702-2681-8599-3A69-BEC5F8CC47E7}.Debug|Any CPU.Build.0 = Debug|Any CPU
		{EEEC4702-2681-8599-3A69-BEC5F8CC47E7}.Release|Any CPU.ActiveCfg = Release|Any CPU
		{EEEC4702-2681-8599-3A69-BEC5F8CC47E7}.Release|Any CPU.Build.0 = Release|Any CPU
		{1833E88C-D8A1-59CB-1988-E251605F9851}.Debug|Any CPU.ActiveCfg = Debug|Any CPU
		{1833E88C-D8A1-59CB-1988-E251605F9851}.Debug|Any CPU.Build.0 = Debug|Any CPU
		{1833E88C-D8A1-59CB-1988-E251605F9851}.Release|Any CPU.ActiveCfg = Release|Any CPU
		{1833E88C-D8A1-59CB-1988-E251605F9851}.Release|Any CPU.Build.0 = Release|Any CPU
	EndGlobalSection
	GlobalSection(SolutionProperties) = preSolution
		HideSolutionNode = FALSE
	EndGlobalSection
	GlobalSection(MonoDevelopProperties) = preSolution
		StartupItem = Assembly-CSharp.csproj
	EndGlobalSection
EndGlobal
